
Microsoft Visual Studio Solution File, Format Version 12.00
# Visual Studio Version 17
VisualStudioVersion = 17.2.32630.192
MinimumVisualStudioVersion = 10.0.40219.1
Project("{FAE04EC0-301F-11D3-BF4B-00C04F79EFBC}") = "LineComparision", "LineComparision.csproj", "{FFAA3470-1EA0-4E2E-8934-3087B839E651}"
EndProject
Global
	GlobalSection(SolutionConfigurationPlatforms) = preSolution
		Debug|Any CPU = Debug|Any CPU
		Release|Any CPU = Release|Any CPU
	EndGlobalSection
	GlobalSection(ProjectConfigurationPlatforms) = postSolution
		{FFAA3470-1EA0-4E2E-8934-3087B839E651}.Debug|Any CPU.ActiveCfg = Debug|Any CPU
		{FFAA3470-1EA0-4E2E-8934-3087B839E651}.Debug|Any CPU.Build.0 = Debug|Any CPU
		{FFAA3470-1EA0-4E2E-8934-3087B839E651}.Release|Any CPU.ActiveCfg = Release|Any CPU
		{FFAA3470-1EA0-4E2E-8934-3087B839E651}.Release|Any CPU.Build.0 = Release|Any CPU
	EndGlobalSection
	GlobalSection(SolutionProperties) = preSolution
		HideSolutionNode = FALSE
	EndGlobalSection
	GlobalSection(ExtensibilityGlobals) = postSolution
		SolutionGuid = {5E66B02B-A1E3-4F29-B3B5-0CA50DF4CFC0}
	EndGlobalSection
EndGlobal
